
Microsoft Visual Studio Solution File, Format Version 12.00
# Visual Studio Version 17
VisualStudioVersion = 17.7.34031.279
MinimumVisualStudioVersion = 10.0.40219.1
Project("{8BC9CEB8-8B4A-11D0-8D11-00A0C91BC942}") = "LifeGame", "LifeGame.vcxproj", "{FA4DEE9B-9172-45D6-8A02-17B5268FB4E2}"
EndProject
Project("{8BC9CEB8-8B4A-11D0-8D11-00A0C91BC942}") = "LifeGameTest", "..\LifeGameTest\LifeGameTest.vcxproj", "{96F85B6A-2D14-465C-8DDA-24A2EB83157B}"
EndProject
Global
	GlobalSection(SolutionConfigurationPlatforms) = preSolution
		Debug|x64 = Debug|x64
		Debug|x86 = Debug|x86
		Release|x64 = Release|x64
		Release|x86 = Release|x86
	EndGlobalSection
	GlobalSection(ProjectConfigurationPlatforms) = postSolution
		{FA4DEE9B-9172-45D6-8A02-17B5268FB4E2}.Debug|x64.ActiveCfg = Debug|x64
		{FA4DEE9B-9172-45D6-8A02-17B5268FB4E2}.Debug|x64.Build.0 = Debug|x64
		{FA4DEE9B-9172-45D6-8A02-17B5268FB4E2}.Debug|x86.ActiveCfg = Debug|Win32
		{FA4DEE9B-9172-45D6-8A02-17B5268FB4E2}.Debug|x86.Build.0 = Debug|Win32
		{FA4DEE9B-9172-45D6-8A02-17B5268FB4E2}.Release|x64.ActiveCfg = Release|x64
		{FA4DEE9B-9172-45D6-8A02-17B5268FB4E2}.Release|x64.Build.0 = Release|x64
		{FA4DEE9B-9172-45D6-8A02-17B5268FB4E2}.Release|x86.ActiveCfg = Release|Win32
		{FA4DEE9B-9172-45D6-8A02-17B5268FB4E2}.Release|x86.Build.0 = Release|Win32
		{96F85B6A-2D14-465C-8DDA-24A2EB83157B}.Debug|x64.ActiveCfg = Debug|x64
		{96F85B6A-2D14-465C-8DDA-24A2EB83157B}.Debug|x64.Build.0 = Debug|x64
		{96F85B6A-2D14-465C-8DDA-24A2EB83157B}.Debug|x86.ActiveCfg = Debug|Win32
		{96F85B6A-2D14-465C-8DDA-24A2EB83157B}.Debug|x86.Build.0 = Debug|Win32
		{96F85B6A-2D14-465C-8DDA-24A2EB83157B}.Release|x64.ActiveCfg = Release|x64
		{96F85B6A-2D14-465C-8DDA-24A2EB83157B}.Release|x64.Build.0 = Release|x64
		{96F85B6A-2D14-465C-8DDA-24A2EB83157B}.Release|x86.ActiveCfg = Release|Win32
		{96F85B6A-2D14-465C-8DDA-24A2EB83157B}.Release|x86.Build.0 = Release|Win32
	EndGlobalSection
	GlobalSection(SolutionProperties) = preSolution
		HideSolutionNode = FALSE
	EndGlobalSection
	GlobalSection(ExtensibilityGlobals) = postSolution
		SolutionGuid = {A5A0F4DC-0544-4454-B6AD-9E4B2ECE34C8}
	EndGlobalSection
EndGlobal
